
Microsoft Visual Studio Solution File, Format Version 12.00
# Visual Studio Version 16
VisualStudioVersion = 16.0.29806.167
MinimumVisualStudioVersion = 10.0.40219.1
Project("{9A19103F-16F7-4668-BE54-9A1E7A4F7556}") = "AirplaneProject.WebApi", "AirplaneProject.WebApi\AirplaneProject.WebApi.csproj", "{1A2E3CEF-5495-40AF-B91E-5C87A371FAE8}"
EndProject
Project("{9A19103F-16F7-4668-BE54-9A1E7A4F7556}") = "AirplaneProject.Core", "AirplaneProject.Core\AirplaneProject.Core.csproj", "{85D2CE0E-4A21-43DE-BC73-2F9D67A325E2}"
EndProject
Project("{9A19103F-16F7-4668-BE54-9A1E7A4F7556}") = "AirplaneProject.CrossCutting", "AirplaneProject.CrossCutting\AirplaneProject.CrossCutting.csproj", "{62AE26B7-C8A7-417F-9199-3B19FDA7C811}"
EndProject
Project("{9A19103F-16F7-4668-BE54-9A1E7A4F7556}") = "AirplaneProject.Domain", "AirplaneProject.Domain\AirplaneProject.Domain.csproj", "{0BD1EC25-4A16-4545-8042-A6CBE5F304B3}"
EndProject
Project("{9A19103F-16F7-4668-BE54-9A1E7A4F7556}") = "AirplaneProject.Infrastructure", "AirplaneProject.Infrastructure\AirplaneProject.Infrastructure.csproj", "{92CAC773-152C-42FE-AE70-588D23F461E4}"
EndProject
Project("{9A19103F-16F7-4668-BE54-9A1E7A4F7556}") = "Airplane.Application", "Airplane.Application\Airplane.Application.csproj", "{CECB7F63-EFFB-4E17-A4D5-3658273C0BF4}"
EndProject
Project("{2150E333-8FDC-42A3-9474-1A3956D46DE8}") = "Application", "Application", "{EEA0FC5B-3787-444F-8CB0-9693917D3515}"
EndProject
Project("{2150E333-8FDC-42A3-9474-1A3956D46DE8}") = "1 - Presentation", "1 - Presentation", "{D9BDCCEA-62AC-441B-9713-2615DEDC757E}"
EndProject
Project("{2150E333-8FDC-42A3-9474-1A3956D46DE8}") = "2 - Services", "2 - Services", "{11D86A52-BF6B-47C7-A20F-DDA6362DED07}"
EndProject
Project("{2150E333-8FDC-42A3-9474-1A3956D46DE8}") = "3 - Application", "3 - Application", "{82BD874B-D0A1-4802-8278-ADD9693DB589}"
EndProject
Project("{2150E333-8FDC-42A3-9474-1A3956D46DE8}") = "4 - Domain", "4 - Domain", "{3EBA0177-BABE-46B8-9FB4-8F6A0C2DB60C}"
EndProject
Project("{2150E333-8FDC-42A3-9474-1A3956D46DE8}") = "5 - Infrastructure", "5 - Infrastructure", "{469CB850-3794-4596-B7CA-2B5B883E87B3}"
EndProject
Project("{2150E333-8FDC-42A3-9474-1A3956D46DE8}") = "5.1 - Data", "5.1 - Data", "{71353853-4021-478B-85FE-7C9A81AED798}"
EndProject
Project("{2150E333-8FDC-42A3-9474-1A3956D46DE8}") = "5.2 - CrossCutting", "5.2 - CrossCutting", "{39B36EDC-7717-4F65-A81B-5176269E1DAB}"
EndProject
Project("{2150E333-8FDC-42A3-9474-1A3956D46DE8}") = "Tests", "Tests", "{597E8C1B-7401-4A6E-8857-46D5A273FD82}"
EndProject
Project("{FAE04EC0-301F-11D3-BF4B-00C04F79EFBC}") = "AirplaneProject.ComponentTests", "..\tests\AirplaneProject.ComponentTests\AirplaneProject.ComponentTests.csproj", "{96C64575-BCFE-4364-B996-E6968E26FAD7}"
EndProject
Project("{FAE04EC0-301F-11D3-BF4B-00C04F79EFBC}") = "AirplaneProject.IntegrationTests", "..\tests\AirplaneProject.IntegrationTests\AirplaneProject.IntegrationTests.csproj", "{DB2CFE1A-84EB-4106-85A1-619F359458EE}"
EndProject
Project("{FAE04EC0-301F-11D3-BF4B-00C04F79EFBC}") = "AirplaneProject.UnitTests", "..\tests\AirplaneProject.UnitTests\AirplaneProject.UnitTests.csproj", "{6EDA117E-8258-4BE7-9E4C-648E50799C5E}"
EndProject
Global
	GlobalSection(SolutionConfigurationPlatforms) = preSolution
		Debug|Any CPU = Debug|Any CPU
		Release|Any CPU = Release|Any CPU
	EndGlobalSection
	GlobalSection(ProjectConfigurationPlatforms) = postSolution
		{1A2E3CEF-5495-40AF-B91E-5C87A371FAE8}.Debug|Any CPU.ActiveCfg = Debug|Any CPU
		{1A2E3CEF-5495-40AF-B91E-5C87A371FAE8}.Debug|Any CPU.Build.0 = Debug|Any CPU
		{1A2E3CEF-5495-40AF-B91E-5C87A371FAE8}.Release|Any CPU.ActiveCfg = Release|Any CPU
		{1A2E3CEF-5495-40AF-B91E-5C87A371FAE8}.Release|Any CPU.Build.0 = Release|Any CPU
		{85D2CE0E-4A21-43DE-BC73-2F9D67A325E2}.Debug|Any CPU.ActiveCfg = Debug|Any CPU
		{85D2CE0E-4A21-43DE-BC73-2F9D67A325E2}.Debug|Any CPU.Build.0 = Debug|Any CPU
		{85D2CE0E-4A21-43DE-BC73-2F9D67A325E2}.Release|Any CPU.ActiveCfg = Release|Any CPU
		{85D2CE0E-4A21-43DE-BC73-2F9D67A325E2}.Release|Any CPU.Build.0 = Release|Any CPU
		{62AE26B7-C8A7-417F-9199-3B19FDA7C811}.Debug|Any CPU.ActiveCfg = Debug|Any CPU
		{62AE26B7-C8A7-417F-9199-3B19FDA7C811}.Debug|Any CPU.Build.0 = Debug|Any CPU
		{62AE26B7-C8A7-417F-9199-3B19FDA7C811}.Release|Any CPU.ActiveCfg = Release|Any CPU
		{62AE26B7-C8A7-417F-9199-3B19FDA7C811}.Release|Any CPU.Build.0 = Release|Any CPU
		{0BD1EC25-4A16-4545-8042-A6CBE5F304B3}.Debug|Any CPU.ActiveCfg = Debug|Any CPU
		{0BD1EC25-4A16-4545-8042-A6CBE5F304B3}.Debug|Any CPU.Build.0 = Debug|Any CPU
		{0BD1EC25-4A16-4545-8042-A6CBE5F304B3}.Release|Any CPU.ActiveCfg = Release|Any CPU
		{0BD1EC25-4A16-4545-8042-A6CBE5F304B3}.Release|Any CPU.Build.0 = Release|Any CPU
		{92CAC773-152C-42FE-AE70-588D23F461E4}.Debug|Any CPU.ActiveCfg = Debug|Any CPU
		{92CAC773-152C-42FE-AE70-588D23F461E4}.Debug|Any CPU.Build.0 = Debug|Any CPU
		{92CAC773-152C-42FE-AE70-588D23F461E4}.Release|Any CPU.ActiveCfg = Release|Any CPU
		{92CAC773-152C-42FE-AE70-588D23F461E4}.Release|Any CPU.Build.0 = Release|Any CPU
		{CECB7F63-EFFB-4E17-A4D5-3658273C0BF4}.Debug|Any CPU.ActiveCfg = Debug|Any CPU
		{CECB7F63-EFFB-4E17-A4D5-3658273C0BF4}.Debug|Any CPU.Build.0 = Debug|Any CPU
		{CECB7F63-EFFB-4E17-A4D5-3658273C0BF4}.Release|Any CPU.ActiveCfg = Release|Any CPU
		{CECB7F63-EFFB-4E17-A4D5-3658273C0BF4}.Release|Any CPU.Build.0 = Release|Any CPU
		{96C64575-BCFE-4364-B996-E6968E26FAD7}.Debug|Any CPU.ActiveCfg = Debug|Any CPU
		{96C64575-BCFE-4364-B996-E6968E26FAD7}.Debug|Any CPU.Build.0 = Debug|Any CPU
		{96C64575-BCFE-4364-B996-E6968E26FAD7}.Release|Any CPU.ActiveCfg = Release|Any CPU
		{96C64575-BCFE-4364-B996-E6968E26FAD7}.Release|Any CPU.Build.0 = Release|Any CPU
		{DB2CFE1A-84EB-4106-85A1-619F359458EE}.Debug|Any CPU.ActiveCfg = Debug|Any CPU
		{DB2CFE1A-84EB-4106-85A1-619F359458EE}.Debug|Any CPU.Build.0 = Debug|Any CPU
		{DB2CFE1A-84EB-4106-85A1-619F359458EE}.Release|Any CPU.ActiveCfg = Release|Any CPU
		{DB2CFE1A-84EB-4106-85A1-619F359458EE}.Release|Any CPU.Build.0 = Release|Any CPU
		{6EDA117E-8258-4BE7-9E4C-648E50799C5E}.Debug|Any CPU.ActiveCfg = Debug|Any CPU
		{6EDA117E-8258-4BE7-9E4C-648E50799C5E}.Debug|Any CPU.Build.0 = Debug|Any CPU
		{6EDA117E-8258-4BE7-9E4C-648E50799C5E}.Release|Any CPU.ActiveCfg = Release|Any CPU
		{6EDA117E-8258-4BE7-9E4C-648E50799C5E}.Release|Any CPU.Build.0 = Release|Any CPU
	EndGlobalSection
	GlobalSection(SolutionProperties) = preSolution
		HideSolutionNode = FALSE
	EndGlobalSection
	GlobalSection(NestedProjects) = preSolution
		{1A2E3CEF-5495-40AF-B91E-5C87A371FAE8} = {11D86A52-BF6B-47C7-A20F-DDA6362DED07}
		{85D2CE0E-4A21-43DE-BC73-2F9D67A325E2} = {3EBA0177-BABE-46B8-9FB4-8F6A0C2DB60C}
		{62AE26B7-C8A7-417F-9199-3B19FDA7C811} = {39B36EDC-7717-4F65-A81B-5176269E1DAB}
		{0BD1EC25-4A16-4545-8042-A6CBE5F304B3} = {3EBA0177-BABE-46B8-9FB4-8F6A0C2DB60C}
		{92CAC773-152C-42FE-AE70-588D23F461E4} = {71353853-4021-478B-85FE-7C9A81AED798}
		{CECB7F63-EFFB-4E17-A4D5-3658273C0BF4} = {82BD874B-D0A1-4802-8278-ADD9693DB589}
		{D9BDCCEA-62AC-441B-9713-2615DEDC757E} = {EEA0FC5B-3787-444F-8CB0-9693917D3515}
		{11D86A52-BF6B-47C7-A20F-DDA6362DED07} = {EEA0FC5B-3787-444F-8CB0-9693917D3515}
		{82BD874B-D0A1-4802-8278-ADD9693DB589} = {EEA0FC5B-3787-444F-8CB0-9693917D3515}
		{3EBA0177-BABE-46B8-9FB4-8F6A0C2DB60C} = {EEA0FC5B-3787-444F-8CB0-9693917D3515}
		{469CB850-3794-4596-B7CA-2B5B883E87B3} = {EEA0FC5B-3787-444F-8CB0-9693917D3515}
		{71353853-4021-478B-85FE-7C9A81AED798} = {469CB850-3794-4596-B7CA-2B5B883E87B3}
		{39B36EDC-7717-4F65-A81B-5176269E1DAB} = {469CB850-3794-4596-B7CA-2B5B883E87B3}
		{96C64575-BCFE-4364-B996-E6968E26FAD7} = {597E8C1B-7401-4A6E-8857-46D5A273FD82}
		{DB2CFE1A-84EB-4106-85A1-619F359458EE} = {597E8C1B-7401-4A6E-8857-46D5A273FD82}
		{6EDA117E-8258-4BE7-9E4C-648E50799C5E} = {597E8C1B-7401-4A6E-8857-46D5A273FD82}
	EndGlobalSection
	GlobalSection(ExtensibilityGlobals) = postSolution
		SolutionGuid = {A0CB2A5E-CB45-4F87-A992-E93F38A7FA54}
	EndGlobalSection
EndGlobal
